
Microsoft Visual Studio Solution File, Format Version 12.00
# Visual Studio Version 16
VisualStudioVersion = 16.0.28803.352
MinimumVisualStudioVersion = 10.0.40219.1
Project("{FAE04EC0-301F-11D3-BF4B-00C04F79EFBC}") = "ClipOne", "ClipOne\ClipOne.csproj", "{008040B1-E53F-4B6B-82C0-2EFFAB3BD8D8}"
EndProject
Project("{9A19103F-16F7-4668-BE54-9A1E7A4F7556}") = "ClipOneCore", "ClipOneCore\ClipOneCore.csproj", "{CE1850E3-A52F-4321-AB00-61A8D29C5B94}"
EndProject
Global
	GlobalSection(SolutionConfigurationPlatforms) = preSolution
		Debug|Any CPU = Debug|Any CPU
		Debug|x64 = Debug|x64
		Debug|x86 = Debug|x86
		Release|Any CPU = Release|Any CPU
		Release|x64 = Release|x64
		Release|x86 = Release|x86
	EndGlobalSection
	GlobalSection(ProjectConfigurationPlatforms) = postSolution
		{008040B1-E53F-4B6B-82C0-2EFFAB3BD8D8}.Debug|Any CPU.ActiveCfg = Debug|x64
		{008040B1-E53F-4B6B-82C0-2EFFAB3BD8D8}.Debug|Any CPU.Build.0 = Debug|x64
		{008040B1-E53F-4B6B-82C0-2EFFAB3BD8D8}.Debug|x64.ActiveCfg = Debug|x64
		{008040B1-E53F-4B6B-82C0-2EFFAB3BD8D8}.Debug|x64.Build.0 = Debug|x64
		{008040B1-E53F-4B6B-82C0-2EFFAB3BD8D8}.Debug|x86.ActiveCfg = Debug|x64
		{008040B1-E53F-4B6B-82C0-2EFFAB3BD8D8}.Debug|x86.Build.0 = Debug|x64
		{008040B1-E53F-4B6B-82C0-2EFFAB3BD8D8}.Release|Any CPU.ActiveCfg = Release|Any CPU
		{008040B1-E53F-4B6B-82C0-2EFFAB3BD8D8}.Release|Any CPU.Build.0 = Release|Any CPU
		{008040B1-E53F-4B6B-82C0-2EFFAB3BD8D8}.Release|x64.ActiveCfg = Release|x64
		{008040B1-E53F-4B6B-82C0-2EFFAB3BD8D8}.Release|x64.Build.0 = Release|x64
		{008040B1-E53F-4B6B-82C0-2EFFAB3BD8D8}.Release|x86.ActiveCfg = Release|x86
		{008040B1-E53F-4B6B-82C0-2EFFAB3BD8D8}.Release|x86.Build.0 = Release|x86
		{CE1850E3-A52F-4321-AB00-61A8D29C5B94}.Debug|Any CPU.ActiveCfg = Debug|Any CPU
		{CE1850E3-A52F-4321-AB00-61A8D29C5B94}.Debug|Any CPU.Build.0 = Debug|Any CPU
		{CE1850E3-A52F-4321-AB00-61A8D29C5B94}.Debug|x64.ActiveCfg = Debug|Any CPU
		{CE1850E3-A52F-4321-AB00-61A8D29C5B94}.Debug|x64.Build.0 = Debug|Any CPU
		{CE1850E3-A52F-4321-AB00-61A8D29C5B94}.Debug|x86.ActiveCfg = Debug|Any CPU
		{CE1850E3-A52F-4321-AB00-61A8D29C5B94}.Debug|x86.Build.0 = Debug|Any CPU
		{CE1850E3-A52F-4321-AB00-61A8D29C5B94}.Release|Any CPU.ActiveCfg = Release|Any CPU
		{CE1850E3-A52F-4321-AB00-61A8D29C5B94}.Release|Any CPU.Build.0 = Release|Any CPU
		{CE1850E3-A52F-4321-AB00-61A8D29C5B94}.Release|x64.ActiveCfg = Release|Any CPU
		{CE1850E3-A52F-4321-AB00-61A8D29C5B94}.Release|x64.Build.0 = Release|Any CPU
		{CE1850E3-A52F-4321-AB00-61A8D29C5B94}.Release|x86.ActiveCfg = Release|Any CPU
		{CE1850E3-A52F-4321-AB00-61A8D29C5B94}.Release|x86.Build.0 = Release|Any CPU
	EndGlobalSection
	GlobalSection(SolutionProperties) = preSolution
		HideSolutionNode = FALSE
	EndGlobalSection
	GlobalSection(ExtensibilityGlobals) = postSolution
		SolutionGuid = {3B3849CE-FF5A-4846-90BB-0C339F77A535}
	EndGlobalSection
EndGlobal
